// !$*UTF8*$!
{
	archiveVersion = 1;
	classes = {
	};
	objectVersion = 46;
	objects = {

/* Begin PBXBuildFile section */
		247FA3291D141E2200299D04 /* Book.swift in Sources */ = {isa = PBXBuildFile; fileRef = 247FA3281D141E2200299D04 /* Book.swift */; };
		24D05C171D16A48D005632FC /* BookTableViewCell.swift in Sources */ = {isa = PBXBuildFile; fileRef = 24D05C161D16A48D005632FC /* BookTableViewCell.swift */; };
		24FC76501D14016A00D2ED48 /* AppDelegate.swift in Sources */ = {isa = PBXBuildFile; fileRef = 24FC764F1D14016A00D2ED48 /* AppDelegate.swift */; };
		24FC76551D14016A00D2ED48 /* Main.storyboard in Resources */ = {isa = PBXBuildFile; fileRef = 24FC76531D14016A00D2ED48 /* Main.storyboard */; };
		24FC76571D14016A00D2ED48 /* Assets.xcassets in Resources */ = {isa = PBXBuildFile; fileRef = 24FC76561D14016A00D2ED48 /* Assets.xcassets */; };
		24FC765A1D14016A00D2ED48 /* LaunchScreen.storyboard in Resources */ = {isa = PBXBuildFile; fileRef = 24FC76581D14016A00D2ED48 /* LaunchScreen.storyboard */; };
		24FC76621D14023200D2ED48 /* BookSearchViewController.swift in Sources */ = {isa = PBXBuildFile; fileRef = 24FC76611D14023200D2ED48 /* BookSearchViewController.swift */; };
		24FC76641D14038B00D2ED48 /* ITCClient.swift in Sources */ = {isa = PBXBuildFile; fileRef = 24FC76631D14038B00D2ED48 /* ITCClient.swift */; };
		24FC76661D1403FA00D2ED48 /* ITCClient+Constants.swift in Sources */ = {isa = PBXBuildFile; fileRef = 24FC76651D1403FA00D2ED48 /* ITCClient+Constants.swift */; };
		24FC76681D14058600D2ED48 /* ITCClient+Convenience.swift in Sources */ = {isa = PBXBuildFile; fileRef = 24FC76671D14058600D2ED48 /* ITCClient+Convenience.swift */; };
/* End PBXBuildFile section */

/* Begin PBXFileReference section */
		247FA3281D141E2200299D04 /* Book.swift */ = {isa = PBXFileReference; fileEncoding = 4; lastKnownFileType = sourcecode.swift; path = Book.swift; sourceTree = "<group>"; };
		24D05C161D16A48D005632FC /* BookTableViewCell.swift */ = {isa = PBXFileReference; fileEncoding = 4; lastKnownFileType = sourcecode.swift; path = BookTableViewCell.swift; sourceTree = "<group>"; };
		24FC764C1D14016A00D2ED48 /* BookFinder.app */ = {isa = PBXFileReference; explicitFileType = wrapper.application; includeInIndex = 0; path = BookFinder.app; sourceTree = BUILT_PRODUCTS_DIR; };
		24FC764F1D14016A00D2ED48 /* AppDelegate.swift */ = {isa = PBXFileReference; lastKnownFileType = sourcecode.swift; path = AppDelegate.swift; sourceTree = "<group>"; };
		24FC76541D14016A00D2ED48 /* Base */ = {isa = PBXFileReference; lastKnownFileType = file.storyboard; name = Base; path = Base.lproj/Main.storyboard; sourceTree = "<group>"; };
		24FC76561D14016A00D2ED48 /* Assets.xcassets */ = {isa = PBXFileReference; lastKnownFileType = folder.assetcatalog; path = Assets.xcassets; sourceTree = "<group>"; };
		24FC76591D14016A00D2ED48 /* Base */ = {isa = PBXFileReference; lastKnownFileType = file.storyboard; name = Base; path = Base.lproj/LaunchScreen.storyboard; sourceTree = "<group>"; };
		24FC765B1D14016A00D2ED48 /* Info.plist */ = {isa = PBXFileReference; lastKnownFileType = text.plist.xml; path = Info.plist; sourceTree = "<group>"; };
		24FC76611D14023200D2ED48 /* BookSearchViewController.swift */ = {isa = PBXFileReference; fileEncoding = 4; lastKnownFileType = sourcecode.swift; path = BookSearchViewController.swift; sourceTree = "<group>"; };
		24FC76631D14038B00D2ED48 /* ITCClient.swift */ = {isa = PBXFileReference; fileEncoding = 4; lastKnownFileType = sourcecode.swift; path = ITCClient.swift; sourceTree = "<group>"; };
		24FC76651D1403FA00D2ED48 /* ITCClient+Constants.swift */ = {isa = PBXFileReference; fileEncoding = 4; lastKnownFileType = sourcecode.swift; path = "ITCClient+Constants.swift"; sourceTree = "<group>"; };
		24FC76671D14058600D2ED48 /* ITCClient+Convenience.swift */ = {isa = PBXFileReference; fileEncoding = 4; lastKnownFileType = sourcecode.swift; path = "ITCClient+Convenience.swift"; sourceTree = "<group>"; };
/* End PBXFileReference section */

/* Begin PBXFrameworksBuildPhase section */
		24FC76491D14016A00D2ED48 /* Frameworks */ = {
			isa = PBXFrameworksBuildPhase;
			buildActionMask = 2147483647;
			files = (
			);
			runOnlyForDeploymentPostprocessing = 0;
		};
/* End PBXFrameworksBuildPhase section */

/* Begin PBXGroup section */
		24FC76431D14016A00D2ED48 = {
			isa = PBXGroup;
			children = (
				24FC764E1D14016A00D2ED48 /* BookFinder */,
				24FC764D1D14016A00D2ED48 /* Products */,
			);
			sourceTree = "<group>";
		};
		24FC764D1D14016A00D2ED48 /* Products */ = {
			isa = PBXGroup;
			children = (
				24FC764C1D14016A00D2ED48 /* BookFinder.app */,
			);
			name = Products;
			sourceTree = "<group>";
		};
		24FC764E1D14016A00D2ED48 /* BookFinder */ = {
			isa = PBXGroup;
			children = (
				24FC764F1D14016A00D2ED48 /* AppDelegate.swift */,
				24FC76611D14023200D2ED48 /* BookSearchViewController.swift */,
				24D05C161D16A48D005632FC /* BookTableViewCell.swift */,
				24FC76691D14074500D2ED48 /* ITC */,
				24FC76531D14016A00D2ED48 /* Main.storyboard */,
				24FC76561D14016A00D2ED48 /* Assets.xcassets */,
				24FC76581D14016A00D2ED48 /* LaunchScreen.storyboard */,
				24FC765B1D14016A00D2ED48 /* Info.plist */,
			);
			path = BookFinder;
			sourceTree = "<group>";
		};
		24FC76691D14074500D2ED48 /* ITC */ = {
			isa = PBXGroup;
			children = (
				24FC76631D14038B00D2ED48 /* ITCClient.swift */,
				24FC76651D1403FA00D2ED48 /* ITCClient+Constants.swift */,
				24FC76671D14058600D2ED48 /* ITCClient+Convenience.swift */,
				247FA3281D141E2200299D04 /* Book.swift */,
			);
			name = ITC;
			sourceTree = "<group>";
		};
/* End PBXGroup section */

/* Begin PBXNativeTarget section */
		24FC764B1D14016A00D2ED48 /* BookFinder */ = {
			isa = PBXNativeTarget;
			buildConfigurationList = 24FC765E1D14016A00D2ED48 /* Build configuration list for PBXNativeTarget "BookFinder" */;
			buildPhases = (
				24FC76481D14016A00D2ED48 /* Sources */,
				24FC76491D14016A00D2ED48 /* Frameworks */,
				24FC764A1D14016A00D2ED48 /* Resources */,
			);
			buildRules = (
			);
			dependencies = (
			);
			name = BookFinder;
			productName = BookFinder;
			productReference = 24FC764C1D14016A00D2ED48 /* BookFinder.app */;
			productType = "com.apple.product-type.application";
		};
/* End PBXNativeTarget section */

/* Begin PBXProject section */
		24FC76441D14016A00D2ED48 /* Project object */ = {
			isa = PBXProject;
			attributes = {
				LastSwiftUpdateCheck = 0730;
				LastUpgradeCheck = 0730;
				ORGANIZATIONNAME = "Atikur Rahman";
				TargetAttributes = {
					24FC764B1D14016A00D2ED48 = {
						CreatedOnToolsVersion = 7.3.1;
					};
				};
			};
			buildConfigurationList = 24FC76471D14016A00D2ED48 /* Build configuration list for PBXProject "BookFinder" */;
			compatibilityVersion = "Xcode 3.2";
			developmentRegion = English;
			hasScannedForEncodings = 0;
			knownRegions = (
				en,
				Base,
			);
			mainGroup = 24FC76431D14016A00D2ED48;
			productRefGroup = 24FC764D1D14016A00D2ED48 /* Products */;
			projectDirPath = "";
			projectRoot = "";
			targets = (
				24FC764B1D14016A00D2ED48 /* BookFinder */,
			);
		};
/* End PBXProject section */

/* Begin PBXResourcesBuildPhase section */
		24FC764A1D14016A00D2ED48 /* Resources */ = {
			isa = PBXResourcesBuildPhase;
			buildActionMask = 2147483647;
			files = (
				24FC765A1D14016A00D2ED48 /* LaunchScreen.storyboard in Resources */,
				24FC76571D14016A00D2ED48 /* Assets.xcassets in Resources */,
				24FC76551D14016A00D2ED48 /* Main.storyboard in Resources */,
			);
			runOnlyForDeploymentPostprocessing = 0;
		};
/* End PBXResourcesBuildPhase section */

/* Begin PBXSourcesBuildPhase section */
		24FC76481D14016A00D2ED48 /* Sources */ = {
			isa = PBXSourcesBuildPhase;
			buildActionMask = 2147483647;
			files = (
				24FC76641D14038B00D2ED48 /* ITCClient.swift in Sources */,
				24FC76681D14058600D2ED48 /* ITCClient+Convenience.swift in Sources */,
				247FA3291D141E2200299D04 /* Book.swift in Sources */,
				24D05C171D16A48D005632FC /* BookTableViewCell.swift in Sources */,
				24FC76501D14016A00D2ED48 /* AppDelegate.swift in Sources */,
				24FC76621D14023200D2ED48 /* BookSearchViewController.swift in Sources */,
				24FC76661D1403FA00D2ED48 /* ITCClient+Constants.swift in Sources */,
			);
			runOnlyForDeploymentPostprocessing = 0;
		};
/* End PBXSourcesBuildPhase section */

/* Begin PBXVariantGroup section */
		24FC76531D14016A00D2ED48 /* Main.storyboard */ = {
			isa = PBXVariantGroup;
			children = (
				24FC76541D14016A00D2ED48 /* Base */,
			);
			name = Main.storyboard;
			sourceTree = "<group>";
		};
		24FC76581D14016A00D2ED48 /* LaunchScreen.storyboard */ = {
			isa = PBXVariantGroup;
			children = (
				24FC76591D14016A00D2ED48 /* Base */,
			);
			name = LaunchScreen.storyboard;
			sourceTree = "<group>";
		};
/* End PBXVariantGroup section */

/* Begin XCBuildConfiguration section */
		24FC765C1D14016A00D2ED48 /* Debug */ = {
			isa = XCBuildConfiguration;
			buildSettings = {
				ALWAYS_SEARCH_USER_PATHS = NO;
				CLANG_ANALYZER_NONNULL = YES;
				CLANG_CXX_LANGUAGE_STANDARD = "gnu++0x";
				CLANG_CXX_LIBRARY = "libc++";
				CLANG_ENABLE_MODULES = YES;
				CLANG_ENABLE_OBJC_ARC = YES;
				CLANG_WARN_BOOL_CONVERSION = YES;
				CLANG_WARN_CONSTANT_CONVERSION = YES;
				CLANG_WARN_DIRECT_OBJC_ISA_USAGE = YES_ERROR;
				CLANG_WARN_EMPTY_BODY = YES;
				CLANG_WARN_ENUM_CONVERSION = YES;
				CLANG_WARN_INT_CONVERSION = YES;
				CLANG_WARN_OBJC_ROOT_CLASS = YES_ERROR;
				CLANG_WARN_UNREACHABLE_CODE = YES;
				CLANG_WARN__DUPLICATE_METHOD_MATCH = YES;
				"CODE_SIGN_IDENTITY[sdk=iphoneos*]" = "iPhone Developer";
				COPY_PHASE_STRIP = NO;
				DEBUG_INFORMATION_FORMAT = dwarf;
				ENABLE_STRICT_OBJC_MSGSEND = YES;
				ENABLE_TESTABILITY = YES;
				GCC_C_LANGUAGE_STANDARD = gnu99;
				GCC_DYNAMIC_NO_PIC = NO;
				GCC_NO_COMMON_BLOCKS = YES;
				GCC_OPTIMIZATION_LEVEL = 0;
				GCC_PREPROCESSOR_DEFINITIONS = (
					"DEBUG=1",
					"$(inherited)",
				);
				GCC_WARN_64_TO_32_BIT_CONVERSION = YES;
				GCC_WARN_ABOUT_RETURN_TYPE = YES_ERROR;
				GCC_WARN_UNDECLARED_SELECTOR = YES;
				GCC_WARN_UNINITIALIZED_AUTOS = YES_AGGRESSIVE;
				GCC_WARN_UNUSED_FUNCTION = YES;
				GCC_WARN_UNUSED_VARIABLE = YES;
				IPHONEOS_DEPLOYMENT_TARGET = 9.3;
				MTL_ENABLE_DEBUG_INFO = YES;
				ONLY_ACTIVE_ARCH = YES;
				SDKROOT = iphoneos;
				SWIFT_OPTIMIZATION_LEVEL = "-Onone";
				TARGETED_DEVICE_FAMILY = "1,2";
			};
			name = Debug;
		};
		24FC765D1D14016A00D2ED48 /* Release */ = {
			isa = XCBuildConfiguration;
			buildSettings = {
				ALWAYS_SEARCH_USER_PATHS = NO;
				CLANG_ANALYZER_NONNULL = YES;
				CLANG_CXX_LANGUAGE_STANDARD = "gnu++0x";
				CLANG_CXX_LIBRARY = "libc++";
				CLANG_ENABLE_MODULES = YES;
				CLANG_ENABLE_OBJC_ARC = YES;
				CLANG_WARN_BOOL_CONVERSION = YES;
				CLANG_WARN_CONSTANT_CONVERSION = YES;
				CLANG_WARN_DIRECT_OBJC_ISA_USAGE = YES_ERROR;
				CLANG_WARN_EMPTY_BODY = YES;
				CLANG_WARN_ENUM_CONVERSION = YES;
				CLANG_WARN_INT_CONVERSION = YES;
				CLANG_WARN_OBJC_ROOT_CLASS = YES_ERROR;
				CLANG_WARN_UNREACHABLE_CODE = YES;
				CLANG_WARN__DUPLICATE_METHOD_MATCH = YES;
				"CODE_SIGN_IDENTITY[sdk=iphoneos*]" = "iPhone Developer";
				COPY_PHASE_STRIP = NO;
				DEBUG_INFORMATION_FORMAT = "dwarf-with-dsym";
				ENABLE_NS_ASSERTIONS = NO;
				ENABLE_STRICT_OBJC_MSGSEND = YES;
				GCC_C_LANGUAGE_STANDARD = gnu99;
				GCC_NO_COMMON_BLOCKS = YES;
				GCC_WARN_64_TO_32_BIT_CONVERSION = YES;
				GCC_WARN_ABOUT_RETURN_TYPE = YES_ERROR;
				GCC_WARN_UNDECLARED_SELECTOR = YES;
				GCC_WARN_UNINITIALIZED_AUTOS = YES_AGGRESSIVE;
				GCC_WARN_UNUSED_FUNCTION = YES;
				GCC_WARN_UNUSED_VARIABLE = YES;
				IPHONEOS_DEPLOYMENT_TARGET = 9.3;
				MTL_ENABLE_DEBUG_INFO = NO;
				SDKROOT = iphoneos;
				TARGETED_DEVICE_FAMILY = "1,2";
				VALIDATE_PRODUCT = YES;
			};
			name = Release;
		};
		24FC765F1D14016A00D2ED48 /* Debug */ = {
			isa = XCBuildConfiguration;
			buildSettings = {
				ASSETCATALOG_COMPILER_APPICON_NAME = AppIcon;
				INFOPLIST_FILE = BookFinder/Info.plist;
				IPHONEOS_DEPLOYMENT_TARGET = 9.0;
				LD_RUNPATH_SEARCH_PATHS = "$(inherited) @executable_path/Frameworks";
				PRODUCT_BUNDLE_IDENTIFIER = com.atikur.BookFinder;
				PRODUCT_NAME = "$(TARGET_NAME)";
			};
			name = Debug;
		};
		24FC76601D14016A00D2ED48 /* Release */ = {
			isa = XCBuildConfiguration;
			buildSettings = {
				ASSETCATALOG_COMPILER_APPICON_NAME = AppIcon;
				INFOPLIST_FILE = BookFinder/Info.plist;
				IPHONEOS_DEPLOYMENT_TARGET = 9.0;
				LD_RUNPATH_SEARCH_PATHS = "$(inherited) @executable_path/Frameworks";
				PRODUCT_BUNDLE_IDENTIFIER = com.atikur.BookFinder;
				PRODUCT_NAME = "$(TARGET_NAME)";
			};
			name = Release;
		};
/* End XCBuildConfiguration section */

/* Begin XCConfigurationList section */
		24FC76471D14016A00D2ED48 /* Build configuration list for PBXProject "BookFinder" */ = {
			isa = XCConfigurationList;
			buildConfigurations = (
				24FC765C1D14016A00D2ED48 /* Debug */,
				24FC765D1D14016A00D2ED48 /* Release */,
			);
			defaultConfigurationIsVisible = 0;
			defaultConfigurationName = Release;
		};
		24FC765E1D14016A00D2ED48 /* Build configuration list for PBXNativeTarget "BookFinder" */ = {
			isa = XCConfigurationList;
			buildConfigurations = (
				24FC765F1D14016A00D2ED48 /* Debug */,
				24FC76601D14016A00D2ED48 /* Release */,
			);
			defaultConfigurationIsVisible = 0;
			defaultConfigurationName = Release;
		};
/* End XCConfigurationList section */
	};
	rootObject = 24FC76441D14016A00D2ED48 /* Project object */;
}
